
Microsoft Visual Studio Solution File, Format Version 12.00
# Visual Studio Version 16
VisualStudioVersion = 16.0.31729.503
MinimumVisualStudioVersion = 10.0.40219.1
Project("{FAE04EC0-301F-11D3-BF4B-00C04F79EFBC}") = "SDH.App", "SDH\SDH.App.csproj", "{FA4D1BA9-11F2-4693-9937-C6058845DBC9}"
EndProject
Project("{FAE04EC0-301F-11D3-BF4B-00C04F79EFBC}") = "SDH.BL", "SDH.BL\SDH.BL.csproj", "{2DFA1A6F-B910-42E1-AF68-F24F3DA71B9C}"
EndProject
Project("{FAE04EC0-301F-11D3-BF4B-00C04F79EFBC}") = "SDH.DAL", "SDH.DAL\SDH.DAL.csproj", "{86E5F407-7A1A-44E9-A8A5-2463C05BBA8B}"
EndProject
Project("{FAE04EC0-301F-11D3-BF4B-00C04F79EFBC}") = "SDH.Common", "SDH.Common\SDH.Common.csproj", "{7CF4B42C-E21C-4558-AE12-4D2D0ECBB68A}"
EndProject
Global
	GlobalSection(SolutionConfigurationPlatforms) = preSolution
		Debug|Any CPU = Debug|Any CPU
		Release|Any CPU = Release|Any CPU
	EndGlobalSection
	GlobalSection(ProjectConfigurationPlatforms) = postSolution
		{FA4D1BA9-11F2-4693-9937-C6058845DBC9}.Debug|Any CPU.ActiveCfg = Debug|Any CPU
		{FA4D1BA9-11F2-4693-9937-C6058845DBC9}.Debug|Any CPU.Build.0 = Debug|Any CPU
		{FA4D1BA9-11F2-4693-9937-C6058845DBC9}.Release|Any CPU.ActiveCfg = Release|Any CPU
		{FA4D1BA9-11F2-4693-9937-C6058845DBC9}.Release|Any CPU.Build.0 = Release|Any CPU
		{2DFA1A6F-B910-42E1-AF68-F24F3DA71B9C}.Debug|Any CPU.ActiveCfg = Debug|Any CPU
		{2DFA1A6F-B910-42E1-AF68-F24F3DA71B9C}.Debug|Any CPU.Build.0 = Debug|Any CPU
		{2DFA1A6F-B910-42E1-AF68-F24F3DA71B9C}.Release|Any CPU.ActiveCfg = Release|Any CPU
		{2DFA1A6F-B910-42E1-AF68-F24F3DA71B9C}.Release|Any CPU.Build.0 = Release|Any CPU
		{86E5F407-7A1A-44E9-A8A5-2463C05BBA8B}.Debug|Any CPU.ActiveCfg = Debug|Any CPU
		{86E5F407-7A1A-44E9-A8A5-2463C05BBA8B}.Debug|Any CPU.Build.0 = Debug|Any CPU
		{86E5F407-7A1A-44E9-A8A5-2463C05BBA8B}.Release|Any CPU.ActiveCfg = Release|Any CPU
		{86E5F407-7A1A-44E9-A8A5-2463C05BBA8B}.Release|Any CPU.Build.0 = Release|Any CPU
		{7CF4B42C-E21C-4558-AE12-4D2D0ECBB68A}.Debug|Any CPU.ActiveCfg = Debug|Any CPU
		{7CF4B42C-E21C-4558-AE12-4D2D0ECBB68A}.Debug|Any CPU.Build.0 = Debug|Any CPU
		{7CF4B42C-E21C-4558-AE12-4D2D0ECBB68A}.Release|Any CPU.ActiveCfg = Release|Any CPU
		{7CF4B42C-E21C-4558-AE12-4D2D0ECBB68A}.Release|Any CPU.Build.0 = Release|Any CPU
	EndGlobalSection
	GlobalSection(SolutionProperties) = preSolution
		HideSolutionNode = FALSE
	EndGlobalSection
	GlobalSection(ExtensibilityGlobals) = postSolution
		SolutionGuid = {8DEA4629-DADA-4F11-8020-DF834CCC19EE}
	EndGlobalSection
EndGlobal
